<?xml version="1.0" encoding="utf-8"?>
<Project ToolsVersion="4.0" xmlns="http://schemas.microsoft.com/developer/msbuild/2003">
  <ItemGroup>
    <Filter Include="Source Files">
      <UniqueIdentifier>{2a308ab7-76cc-4c3d-8f91-5cf6a0ea1fea}</UniqueIdentifier>
      <Extensions>cpp;c;cxx;rc;def;r;odl;idl;hpj;bat</Extensions>
    </Filter>
    <Filter Include="Header Files">
      <UniqueIdentifier>{dc0eee06-8b38-41b0-8032-6b0dba79d233}</UniqueIdentifier>
    </Filter>
  </ItemGroup>
  <ItemGroup>
    <ClCompile Include="..\..\agent\agent_handler.c">
      <Filter>Source Files</Filter>
    </ClCompile>
    <ClCompile Include="..\..\agent\agent_index.c">
      <Filter>Source Files</Filter>
    </ClCompile>
    <ClCompile Include="..\..\agent\agent_read_config.c">
      <Filter>Source Files</Filter>
    </ClCompile>
    <ClCompile Include="..\..\agent\agent_registry.c">
      <Filter>Source Files</Filter>
    </ClCompile>
    <ClCompile Include="..\..\agent\agent_sysORTable.c">
      <Filter>Source Files</Filter>
    </ClCompile>
    <ClCompile Include="..\..\agent\agent_trap.c">
      <Filter>Source Files</Filter>
    </ClCompile>
    <ClCompile Include="..\..\agent\helpers\all_helpers.c">
      <Filter>Source Files</Filter>
    </ClCompile>
    <ClCompile Include="..\..\agent\helpers\baby_steps.c">
      <Filter>Source Files</Filter>
    </ClCompile>
    <ClCompile Include="..\..\agent\helpers\bulk_to_next.c">
      <Filter>Source Files</Filter>
    </ClCompile>
    <ClCompile Include="..\..\agent\helpers\cache_handler.c">
      <Filter>Source Files</Filter>
    </ClCompile>
    <ClCompile Include="..\..\agent\helpers\debug_handler.c">
      <Filter>Source Files</Filter>
    </ClCompile>
    <ClCompile Include="..\..\agent\helpers\instance.c">
      <Filter>Source Files</Filter>
    </ClCompile>
    <ClCompile Include="..\..\agent\helpers\mode_end_call.c">
      <Filter>Source Files</Filter>
    </ClCompile>
    <ClCompile Include="..\..\agent\helpers\multiplexer.c">
      <Filter>Source Files</Filter>
    </ClCompile>
    <ClCompile Include="..\..\agent\helpers\null.c">
      <Filter>Source Files</Filter>
    </ClCompile>
    <ClCompile Include="..\..\agent\helpers\old_api.c">
      <Filter>Source Files</Filter>
    </ClCompile>
    <ClCompile Include="..\..\agent\helpers\read_only.c">
      <Filter>Source Files</Filter>
    </ClCompile>
    <ClCompile Include="..\..\agent\helpers\row_merge.c">
      <Filter>Source Files</Filter>
    </ClCompile>
    <ClCompile Include="..\..\agent\helpers\scalar.c">
      <Filter>Source Files</Filter>
    </ClCompile>
    <ClCompile Include="..\..\agent\helpers\scalar_group.c">
      <Filter>Source Files</Filter>
    </ClCompile>
    <ClCompile Include="..\..\agent\helpers\serialize.c">
      <Filter>Source Files</Filter>
    </ClCompile>
    <ClCompile Include="..\..\agent\snmp_agent.c">
      <Filter>Source Files</Filter>
    </ClCompile>
    <ClCompile Include="..\..\agent\snmp_vars.c">
      <Filter>Source Files</Filter>
    </ClCompile>
    <ClCompile Include="..\..\agent\helpers\snmp_get_statistic.c">
      <Filter>Source Files</Filter>
    </ClCompile>
    <ClCompile Include="..\..\agent\helpers\stash_cache.c">
      <Filter>Source Files</Filter>
    </ClCompile>
    <ClCompile Include="..\..\agent\helpers\stash_to_next.c">
      <Filter>Source Files</Filter>
    </ClCompile>
    <ClCompile Include="..\..\agent\helpers\table.c">
      <Filter>Source Files</Filter>
    </ClCompile>
    <ClCompile Include="..\..\agent\helpers\table_array.c">
      <Filter>Source Files</Filter>
    </ClCompile>
    <ClCompile Include="..\..\agent\helpers\table_container.c">
      <Filter>Source Files</Filter>
    </ClCompile>
    <ClCompile Include="..\..\agent\helpers\table_data.c">
      <Filter>Source Files</Filter>
    </ClCompile>
    <ClCompile Include="..\..\agent\helpers\table_dataset.c">
      <Filter>Source Files</Filter>
    </ClCompile>
    <ClCompile Include="..\..\agent\helpers\table_iterator.c">
      <Filter>Source Files</Filter>
    </ClCompile>
    <ClCompile Include="..\..\agent\helpers\table_tdata.c">
      <Filter>Source Files</Filter>
    </ClCompile>
    <ClCompile Include="..\..\agent\helpers\watcher.c">
      <Filter>Source Files</Filter>
    </ClCompile>
  </ItemGroup>
  <ItemGroup>
    <ClInclude Include="..\..\include\net-snmp\agent\agent_handler.h">
      <Filter>Header Files</Filter>
    </ClInclude>
    <ClInclude Include="..\..\include\net-snmp\agent\agent_index.h">
      <Filter>Header Files</Filter>
    </ClInclude>
    <ClInclude Include="..\..\include\net-snmp\agent\agent_read_config.h">
      <Filter>Header Files</Filter>
    </ClInclude>
    <ClInclude Include="..\..\include\net-snmp\agent\agent_registry.h">
      <Filter>Header Files</Filter>
    </ClInclude>
    <ClInclude Include="..\..\include\net-snmp\agent\agent_sysORTable.h">
      <Filter>Header Files</Filter>
    </ClInclude>
    <ClInclude Include="..\..\include\net-snmp\agent\agent_trap.h">
      <Filter>Header Files</Filter>
    </ClInclude>
    <ClInclude Include="..\..\include\net-snmp\agent\all_helpers.h">
      <Filter>Header Files</Filter>
    </ClInclude>
    <ClInclude Include="..\..\include\net-snmp\agent\bulk_to_next.h">
      <Filter>Header Files</Filter>
    </ClInclude>
    <ClInclude Include="..\..\include\net-snmp\agent\debug_handler.h">
      <Filter>Header Files</Filter>
    </ClInclude>
    <ClInclude Include="..\..\include\net-snmp\agent\instance.h">
      <Filter>Header Files</Filter>
    </ClInclude>
    <ClInclude Include="..\..\include\net-snmp\agent\multiplexer.h">
      <Filter>Header Files</Filter>
    </ClInclude>
    <ClInclude Include="..\..\include\net-snmp\agent\null.h">
      <Filter>Header Files</Filter>
    </ClInclude>
    <ClInclude Include="..\..\include\net-snmp\agent\old_api.h">
      <Filter>Header Files</Filter>
    </ClInclude>
    <ClInclude Include="..\..\include\net-snmp\agent\read_only.h">
      <Filter>Header Files</Filter>
    </ClInclude>
    <ClInclude Include="..\..\include\net-snmp\agent\serialize.h">
      <Filter>Header Files</Filter>
    </ClInclude>
    <ClInclude Include="..\..\include\net-snmp\agent\snmp_agent.h">
      <Filter>Header Files</Filter>
    </ClInclude>
    <ClInclude Include="..\..\include\net-snmp\agent\snmp_vars.h">
      <Filter>Header Files</Filter>
    </ClInclude>
    <ClInclude Include="..\..\include\net-snmp\agent\table.h">
      <Filter>Header Files</Filter>
    </ClInclude>
    <ClInclude Include="..\..\include\net-snmp\agent\table_array.h">
      <Filter>Header Files</Filter>
    </ClInclude>
    <ClInclude Include="..\..\include\net-snmp\agent\table_data.h">
      <Filter>Header Files</Filter>
    </ClInclude>
    <ClInclude Include="..\..\include\net-snmp\agent\table_dataset.h">
      <Filter>Header Files</Filter>
    </ClInclude>
    <ClInclude Include="..\..\include\net-snmp\agent\table_iterator.h">
      <Filter>Header Files</Filter>
    </ClInclude>
    <ClInclude Include="..\..\include\net-snmp\agent\table_tdata.h">
      <Filter>Header Files</Filter>
    </ClInclude>
  </ItemGroup>
</Project>