<?xml version="1.0" encoding="utf-8"?>
<Project ToolsVersion="4.0" xmlns="http://schemas.microsoft.com/developer/msbuild/2003">
  <ItemGroup>
    <Filter Include="Source Files">
      <UniqueIdentifier>{a7460a34-4848-4530-9571-4cfaf71e7de7}</UniqueIdentifier>
      <Extensions>cpp;c;cxx;rc;def;r;odl;idl;hpj;bat</Extensions>
    </Filter>
    <Filter Include="Header Files">
      <UniqueIdentifier>{2fe53788-cc86-48d1-a373-270d9eac86e7}</UniqueIdentifier>
    </Filter>
  </ItemGroup>
  <ItemGroup>
    <ClCompile Include="..\..\apps\snmptrapd.c">
      <Filter>Source Files</Filter>
    </ClCompile>
    <ClCompile Include="..\..\apps\snmptrapd_auth.c">
      <Filter>Source Files</Filter>
    </ClCompile>
    <ClCompile Include="..\..\apps\snmptrapd_handlers.c">
      <Filter>Source Files</Filter>
    </ClCompile>
    <ClCompile Include="..\..\apps\snmptrapd_log.c">
      <Filter>Source Files</Filter>
    </ClCompile>
  </ItemGroup>
  <ItemGroup>
    <ClInclude Include="..\..\agent\mibgroup\notification-log-mib\notification_log.h">
      <Filter>Header Files</Filter>
    </ClInclude>
    <ClInclude Include="..\..\apps\snmptrapd_auth.h">
      <Filter>Header Files</Filter>
    </ClInclude>
    <ClInclude Include="..\..\apps\snmptrapd_handlers.h">
      <Filter>Header Files</Filter>
    </ClInclude>
    <ClInclude Include="..\..\apps\snmptrapd_log.h">
      <Filter>Header Files</Filter>
    </ClInclude>
  </ItemGroup>
</Project>