<?xml version="1.0" encoding="utf-8"?>
<Project ToolsVersion="4.0" xmlns="http://schemas.microsoft.com/developer/msbuild/2003">
  <ItemGroup>
    <Filter Include="Source Files">
      <UniqueIdentifier>{d25bbebe-e040-4a8c-af4c-834517343c4f}</UniqueIdentifier>
      <Extensions>cpp;c;cxx;rc;def;r;odl;idl;hpj;bat</Extensions>
    </Filter>
    <Filter Include="Header Files">
      <UniqueIdentifier>{56caeaa9-83a9-41d2-99f6-2811f3fdaf0c}</UniqueIdentifier>
      <Extensions>h;hpp;hxx;hm;inl</Extensions>
    </Filter>
  </ItemGroup>
  <ItemGroup>
    <ClCompile Include="..\..\snmplib\asn1.c">
      <Filter>Source Files</Filter>
    </ClCompile>
    <ClCompile Include="..\..\snmplib\callback.c">
      <Filter>Source Files</Filter>
    </ClCompile>
    <ClCompile Include="..\..\snmplib\check_varbind.c">
      <Filter>Source Files</Filter>
    </ClCompile>
    <ClCompile Include="..\..\snmplib\closedir.c">
      <Filter>Source Files</Filter>
    </ClCompile>
    <ClCompile Include="..\..\snmplib\container.c">
      <Filter>Source Files</Filter>
    </ClCompile>
    <ClCompile Include="..\..\snmplib\container_binary_array.c">
      <Filter>Source Files</Filter>
    </ClCompile>
    <ClCompile Include="..\..\snmplib\container_iterator.c">
      <Filter>Source Files</Filter>
    </ClCompile>
    <ClCompile Include="..\..\snmplib\container_list_ssll.c">
      <Filter>Source Files</Filter>
    </ClCompile>
    <ClCompile Include="..\..\snmplib\container_null.c">
      <Filter>Source Files</Filter>
    </ClCompile>
    <ClCompile Include="..\..\snmplib\data_list.c">
      <Filter>Source Files</Filter>
    </ClCompile>
    <ClCompile Include="..\..\snmplib\default_store.c">
      <Filter>Source Files</Filter>
    </ClCompile>
    <ClCompile Include="..\..\snmplib\fd_event_manager.c">
      <Filter>Source Files</Filter>
    </ClCompile>
    <ClCompile Include="..\..\snmplib\getopt.c">
      <Filter>Source Files</Filter>
    </ClCompile>
    <ClCompile Include="..\..\snmplib\gettimeofday.c">
      <Filter>Source Files</Filter>
    </ClCompile>
    <ClCompile Include="..\..\snmplib\inet_ntop.c">
      <Filter>Source Files</Filter>
    </ClCompile>
    <ClCompile Include="..\..\snmplib\inet_pton.c">
      <Filter>Source Files</Filter>
    </ClCompile>
    <ClCompile Include="..\..\snmplib\int64.c">
      <Filter>Source Files</Filter>
    </ClCompile>
    <ClCompile Include="..\..\snmplib\keytools.c">
      <Filter>Source Files</Filter>
    </ClCompile>
    <ClCompile Include="..\..\snmplib\large_fd_set.c">
      <Filter>Source Files</Filter>
    </ClCompile>
    <ClCompile Include="..\..\snmplib\lcd_time.c">
      <Filter>Source Files</Filter>
    </ClCompile>
    <ClCompile Include="..\..\snmplib\md5.c">
      <Filter>Source Files</Filter>
    </ClCompile>
    <ClCompile Include="..\..\snmplib\mib.c">
      <Filter>Source Files</Filter>
    </ClCompile>
    <ClCompile Include="..\..\snmplib\mt_support.c">
      <Filter>Source Files</Filter>
    </ClCompile>
    <ClCompile Include="..\..\snmplib\oid_stash.c">
      <Filter>Source Files</Filter>
    </ClCompile>
    <ClCompile Include="..\..\snmplib\opendir.c">
      <Filter>Source Files</Filter>
    </ClCompile>
    <ClCompile Include="..\..\snmplib\parse.c">
      <Filter>Source Files</Filter>
    </ClCompile>
    <ClCompile Include="..\..\snmplib\read_config.c">
      <Filter>Source Files</Filter>
    </ClCompile>
    <ClCompile Include="..\..\snmplib\readdir.c">
      <Filter>Source Files</Filter>
    </ClCompile>
    <ClCompile Include="..\..\snmplib\scapi.c">
      <Filter>Source Files</Filter>
    </ClCompile>
    <ClCompile Include="..\..\snmplib\sd-daemon.c">
      <Filter>Source Files</Filter>
    </ClCompile>
    <ClCompile Include="..\..\snmplib\snmp-tc.c">
      <Filter>Source Files</Filter>
    </ClCompile>
    <ClCompile Include="..\..\snmplib\snmp.c">
      <Filter>Source Files</Filter>
    </ClCompile>
    <ClCompile Include="..\..\snmplib\snmp_alarm.c">
      <Filter>Source Files</Filter>
    </ClCompile>
    <ClCompile Include="..\..\snmplib\snmp_api.c">
      <Filter>Source Files</Filter>
    </ClCompile>
    <ClCompile Include="..\..\snmplib\snmp_auth.c">
      <Filter>Source Files</Filter>
    </ClCompile>
    <ClCompile Include="..\..\snmplib\snmp_client.c">
      <Filter>Source Files</Filter>
    </ClCompile>
    <ClCompile Include="..\..\snmplib\snmp_debug.c">
      <Filter>Source Files</Filter>
    </ClCompile>
    <ClCompile Include="..\..\snmplib\snmp_enum.c">
      <Filter>Source Files</Filter>
    </ClCompile>
    <ClCompile Include="..\..\snmplib\snmp_logging.c">
      <Filter>Source Files</Filter>
    </ClCompile>
    <ClCompile Include="..\..\snmplib\snmp_parse_args.c">
      <Filter>Source Files</Filter>
    </ClCompile>
    <ClCompile Include="..\..\snmplib\snmp_secmod.c">
      <Filter>Source Files</Filter>
    </ClCompile>
    <ClCompile Include="..\..\snmplib\snmp_service.c">
      <Filter>Source Files</Filter>
    </ClCompile>
    <ClCompile Include="..\..\snmplib\snmp_transport.c">
      <Filter>Source Files</Filter>
    </ClCompile>
    <ClCompile Include="..\..\snmplib\snmp_version.c">
      <Filter>Source Files</Filter>
    </ClCompile>
    <ClCompile Include="..\..\snmplib\transports\snmpAliasDomain.c">
      <Filter>Source Files</Filter>
    </ClCompile>
    <ClCompile Include="..\..\snmplib\transports\snmpCallbackDomain.c">
      <Filter>Source Files</Filter>
    </ClCompile>
    <ClCompile Include="..\..\snmplib\transports\snmpIPv4BaseDomain.c">
      <Filter>Source Files</Filter>
    </ClCompile>
    <ClCompile Include="..\..\snmplib\transports\snmpIPv6BaseDomain.c">
      <Filter>Source Files</Filter>
    </ClCompile>
    <ClCompile Include="..\..\snmplib\transports\snmpSocketBaseDomain.c">
      <Filter>Source Files</Filter>
    </ClCompile>
    <ClCompile Include="..\..\snmplib\transports\snmpTCPBaseDomain.c">
      <Filter>Source Files</Filter>
    </ClCompile>
    <ClCompile Include="..\..\snmplib\transports\snmpTCPDomain.c">
      <Filter>Source Files</Filter>
    </ClCompile>
    <ClCompile Include="..\..\snmplib\transports\snmpTCPIPv6Domain.c">
      <Filter>Source Files</Filter>
    </ClCompile>
    <ClCompile Include="..\..\snmplib\transports\snmpUDPBaseDomain.c">
      <Filter>Source Files</Filter>
    </ClCompile>
    <ClCompile Include="..\..\snmplib\transports\snmpUDPDomain.c">
      <Filter>Source Files</Filter>
    </ClCompile>
    <ClCompile Include="..\..\snmplib\transports\snmpUDPIPv4BaseDomain.c">
      <Filter>Source Files</Filter>
    </ClCompile>
    <ClCompile Include="..\..\snmplib\transports\snmpUDPIPv6Domain.c">
      <Filter>Source Files</Filter>
    </ClCompile>
    <ClCompile Include="..\..\snmplib\snmpusm.c">
      <Filter>Source Files</Filter>
    </ClCompile>
    <ClCompile Include="..\..\snmplib\snmpv3.c">
      <Filter>Source Files</Filter>
    </ClCompile>
    <ClCompile Include="..\..\snmplib\strlcat.c">
      <Filter>Source Files</Filter>
    </ClCompile>
    <ClCompile Include="..\..\snmplib\strlcpy.c">
      <Filter>Source Files</Filter>
    </ClCompile>
    <ClCompile Include="..\..\snmplib\strtok_r.c">
      <Filter>Source Files</Filter>
    </ClCompile>
    <ClCompile Include="..\..\snmplib\strtoull.c">
      <Filter>Source Files</Filter>
    </ClCompile>
    <ClCompile Include="..\..\snmplib\system.c">
      <Filter>Source Files</Filter>
    </ClCompile>
    <ClCompile Include="..\..\snmplib\tools.c">
      <Filter>Source Files</Filter>
    </ClCompile>
    <ClCompile Include="..\..\snmplib\ucd_compat.c">
      <Filter>Source Files</Filter>
    </ClCompile>
    <ClCompile Include="..\..\snmplib\vacm.c">
      <Filter>Source Files</Filter>
    </ClCompile>
    <ClCompile Include="..\..\snmplib\winpipe.c">
      <Filter>Source Files</Filter>
    </ClCompile>
    <ClCompile Include="..\..\snmplib\asprintf.c">
      <Filter>Source Files</Filter>
    </ClCompile>
  </ItemGroup>
  <ItemGroup>
    <ClInclude Include="..\..\include\net-snmp\library\asn1.h">
      <Filter>Header Files</Filter>
    </ClInclude>
    <ClInclude Include="..\..\include\net-snmp\library\callback.h">
      <Filter>Header Files</Filter>
    </ClInclude>
    <ClInclude Include="..\..\include\net-snmp\library\check_varbind.h">
      <Filter>Header Files</Filter>
    </ClInclude>
    <ClInclude Include="..\..\include\net-snmp\library\container.h">
      <Filter>Header Files</Filter>
    </ClInclude>
    <ClInclude Include="..\..\include\net-snmp\library\data_list.h">
      <Filter>Header Files</Filter>
    </ClInclude>
    <ClInclude Include="..\..\include\net-snmp\library\default_store.h">
      <Filter>Header Files</Filter>
    </ClInclude>
    <ClInclude Include="..\..\include\net-snmp\library\fd_event_manager.h">
      <Filter>Header Files</Filter>
    </ClInclude>
    <ClInclude Include="..\..\include\net-snmp\library\getopt.h">
      <Filter>Header Files</Filter>
    </ClInclude>
    <ClInclude Include="..\..\include\net-snmp\library\int64.h">
      <Filter>Header Files</Filter>
    </ClInclude>
    <ClInclude Include="..\..\include\net-snmp\library\keytools.h">
      <Filter>Header Files</Filter>
    </ClInclude>
    <ClInclude Include="..\..\include\net-snmp\library\large_fd_set.h">
      <Filter>Header Files</Filter>
    </ClInclude>
    <ClInclude Include="..\..\include\net-snmp\library\lcd_time.h">
      <Filter>Header Files</Filter>
    </ClInclude>
    <ClInclude Include="..\..\include\net-snmp\library\md5.h">
      <Filter>Header Files</Filter>
    </ClInclude>
    <ClInclude Include="..\..\include\net-snmp\library\mib.h">
      <Filter>Header Files</Filter>
    </ClInclude>
    <ClInclude Include="..\..\include\net-snmp\library\mt_support.h">
      <Filter>Header Files</Filter>
    </ClInclude>
    <ClInclude Include="..\..\include\net-snmp\library\oid_stash.h">
      <Filter>Header Files</Filter>
    </ClInclude>
    <ClInclude Include="..\..\include\net-snmp\library\parse.h">
      <Filter>Header Files</Filter>
    </ClInclude>
    <ClInclude Include="..\..\include\net-snmp\library\read_config.h">
      <Filter>Header Files</Filter>
    </ClInclude>
    <ClInclude Include="..\..\include\net-snmp\library\scapi.h">
      <Filter>Header Files</Filter>
    </ClInclude>
    <ClInclude Include="..\..\include\net-snmp\library\snmp-tc.h">
      <Filter>Header Files</Filter>
    </ClInclude>
    <ClInclude Include="..\..\include\net-snmp\library\snmp_alarm.h">
      <Filter>Header Files</Filter>
    </ClInclude>
    <ClInclude Include="..\..\include\net-snmp\library\snmp_api.h">
      <Filter>Header Files</Filter>
    </ClInclude>
    <ClInclude Include="..\..\include\net-snmp\library\snmp_client.h">
      <Filter>Header Files</Filter>
    </ClInclude>
    <ClInclude Include="..\..\include\net-snmp\library\snmp_debug.h">
      <Filter>Header Files</Filter>
    </ClInclude>
    <ClInclude Include="..\..\include\net-snmp\library\snmp_enum.h">
      <Filter>Header Files</Filter>
    </ClInclude>
    <ClInclude Include="..\..\include\net-snmp\library\snmp_logging.h">
      <Filter>Header Files</Filter>
    </ClInclude>
    <ClInclude Include="..\..\include\net-snmp\library\snmp_parse_args.h">
      <Filter>Header Files</Filter>
    </ClInclude>
    <ClInclude Include="..\..\include\net-snmp\library\snmp_secmod.h">
      <Filter>Header Files</Filter>
    </ClInclude>
    <ClInclude Include="..\..\include\net-snmp\library\snmp_transport.h">
      <Filter>Header Files</Filter>
    </ClInclude>
    <ClInclude Include="..\..\include\net-snmp\library\snmpCallbackDomain.h">
      <Filter>Header Files</Filter>
    </ClInclude>
    <ClInclude Include="..\..\include\net-snmp\library\snmpTCPDomain.h">
      <Filter>Header Files</Filter>
    </ClInclude>
    <ClInclude Include="..\..\include\net-snmp\library\snmpUDPDomain.h">
      <Filter>Header Files</Filter>
    </ClInclude>
    <ClInclude Include="..\..\include\net-snmp\library\snmpusm.h">
      <Filter>Header Files</Filter>
    </ClInclude>
    <ClInclude Include="..\..\include\net-snmp\library\snmpv3.h">
      <Filter>Header Files</Filter>
    </ClInclude>
    <ClInclude Include="..\..\include\net-snmp\library\strtok_r.h">
      <Filter>Header Files</Filter>
    </ClInclude>
    <ClInclude Include="..\..\include\net-snmp\library\system.h">
      <Filter>Header Files</Filter>
    </ClInclude>
    <ClInclude Include="..\..\include\net-snmp\library\tools.h">
      <Filter>Header Files</Filter>
    </ClInclude>
    <ClInclude Include="..\..\include\net-snmp\library\ucd_compat.h">
      <Filter>Header Files</Filter>
    </ClInclude>
    <ClInclude Include="..\..\include\net-snmp\library\vacm.h">
      <Filter>Header Files</Filter>
    </ClInclude>
  </ItemGroup>
  <ItemGroup>
    <CustomBuild Include="libsnmp.def">
      <Filter>Source Files</Filter>
    </CustomBuild>
  </ItemGroup>
</Project>