
Microsoft Visual Studio Solution File, Format Version 12.00
# Visual Studio 15
VisualStudioVersion = 15.0.28307.572
MinimumVisualStudioVersion = 10.0.40219.1
Project("{8BC9CEB8-8B4A-11D0-8D11-00A0C91BC942}") = "encode_keychange", "encode_keychange\encode_keychange.vcxproj", "{6ADD1431-85CB-49A6-92F5-DB20CCA665CB}"
EndProject
Project("{8BC9CEB8-8B4A-11D0-8D11-00A0C91BC942}") = "libagent", "libagent\libagent.vcxproj", "{605EFB9D-538C-4228-BA7D-F5AF4DC17630}"
EndProject
Project("{8BC9CEB8-8B4A-11D0-8D11-00A0C91BC942}") = "libnetsnmptrapd", "libnetsnmptrapd\libnetsnmptrapd.vcxproj", "{758A842D-B7B6-478E-AF8C-8A94AF671DB5}"
EndProject
Project("{8BC9CEB8-8B4A-11D0-8D11-00A0C91BC942}") = "libsnmp_dll", "libsnmp_dll\libsnmp_dll.vcxproj", "{195D0B80-6735-404A-8C26-462F13B64B25}"
EndProject
Project("{8BC9CEB8-8B4A-11D0-8D11-00A0C91BC942}") = "netsnmpmibs", "netsnmpmibs\netsnmpmibs.vcxproj", "{74CAF346-DA5C-49B8-A0A2-AFBCA4FCD200}"
EndProject
Project("{8BC9CEB8-8B4A-11D0-8D11-00A0C91BC942}") = "snmpbulkget", "snmpbulkget\snmpbulkget.vcxproj", "{3F7C6CB3-5F4A-4F64-A901-A23633AAF85E}"
EndProject
Project("{8BC9CEB8-8B4A-11D0-8D11-00A0C91BC942}") = "snmpbulkwalk", "snmpbulkwalk\snmpbulkwalk.vcxproj", "{E922FC1A-7D36-4A73-B317-BF134C2B37A6}"
EndProject
Project("{8BC9CEB8-8B4A-11D0-8D11-00A0C91BC942}") = "snmpd", "snmpd\snmpd.vcxproj", "{17E72490-426E-48CB-85B8-255841508E70}"
EndProject
Project("{8BC9CEB8-8B4A-11D0-8D11-00A0C91BC942}") = "snmpdelta", "snmpdelta\snmpdelta.vcxproj", "{0FA59901-8257-4F57-A700-B7EA51D365C7}"
EndProject
Project("{8BC9CEB8-8B4A-11D0-8D11-00A0C91BC942}") = "snmpdf", "snmpdf\snmpdf.vcxproj", "{82114AC8-494B-4B31-B4BE-96A0F91B690E}"
EndProject
Project("{8BC9CEB8-8B4A-11D0-8D11-00A0C91BC942}") = "snmpget", "snmpget\snmpget.vcxproj", "{0A8AA268-352B-4909-8B6F-FC7F68FDFA89}"
EndProject
Project("{8BC9CEB8-8B4A-11D0-8D11-00A0C91BC942}") = "snmpgetnext", "snmpgetnext\snmpgetnext.vcxproj", "{95DA5A0E-36B3-4BC6-8DED-318D996905BA}"
EndProject
Project("{8BC9CEB8-8B4A-11D0-8D11-00A0C91BC942}") = "snmpnetstat", "snmpnetstat\snmpnetstat.vcxproj", "{ED16DD99-E1B4-48EC-A4AD-F395C1E41135}"
EndProject
Project("{8BC9CEB8-8B4A-11D0-8D11-00A0C91BC942}") = "snmpset", "snmpset\snmpset.vcxproj", "{74375115-81E8-454C-8F02-A269562C0C30}"
EndProject
Project("{8BC9CEB8-8B4A-11D0-8D11-00A0C91BC942}") = "snmpstatus", "snmpstatus\snmpstatus.vcxproj", "{A73D74C9-3AD6-4336-AD65-6CA4538898DF}"
EndProject
Project("{8BC9CEB8-8B4A-11D0-8D11-00A0C91BC942}") = "snmptable", "snmptable\snmptable.vcxproj", "{DA870413-724E-49E0-814C-99B7413E16A2}"
EndProject
Project("{8BC9CEB8-8B4A-11D0-8D11-00A0C91BC942}") = "snmptest", "snmptest\snmptest.vcxproj", "{CB095F1B-2D7B-42B7-A2FE-7F9D8C8A6A15}"
EndProject
Project("{8BC9CEB8-8B4A-11D0-8D11-00A0C91BC942}") = "snmptranslate", "snmptranslate\snmptranslate.vcxproj", "{993A2C0F-F203-4977-B77C-BF414ECA87B8}"
EndProject
Project("{8BC9CEB8-8B4A-11D0-8D11-00A0C91BC942}") = "snmptrap", "snmptrap\snmptrap.vcxproj", "{446A9171-5642-4CD1-A9BF-009592452FF9}"
EndProject
Project("{8BC9CEB8-8B4A-11D0-8D11-00A0C91BC942}") = "snmptrapd", "snmptrapd\snmptrapd.vcxproj", "{3DE1D3CB-B235-4CEA-B50A-C8BCCD27B48E}"
EndProject
Project("{8BC9CEB8-8B4A-11D0-8D11-00A0C91BC942}") = "snmpusm", "snmpusm\snmpusm.vcxproj", "{FAFE7169-1BD3-4933-BDCF-F0DBF93269F1}"
EndProject
Project("{8BC9CEB8-8B4A-11D0-8D11-00A0C91BC942}") = "snmpvacm", "snmpvacm\snmpvacm.vcxproj", "{DB980053-3EE4-45A9-A911-9397E12F1B21}"
EndProject
Project("{8BC9CEB8-8B4A-11D0-8D11-00A0C91BC942}") = "snmpwalk", "snmpwalk\snmpwalk.vcxproj", "{8E77006E-078C-4760-B2FB-A870428B7F9D}"
EndProject
Global
	GlobalSection(SolutionConfigurationPlatforms) = preSolution
		Debug|x64 = Debug|x64
		Debug|x86 = Debug|x86
		Release|x64 = Release|x64
		Release|x86 = Release|x86
		Template|x64 = Template|x64
		Template|x86 = Template|x86
	EndGlobalSection
	GlobalSection(ProjectConfigurationPlatforms) = postSolution
		{6ADD1431-85CB-49A6-92F5-DB20CCA665CB}.Debug|x64.ActiveCfg = Debug|x64
		{6ADD1431-85CB-49A6-92F5-DB20CCA665CB}.Debug|x64.Build.0 = Debug|x64
		{6ADD1431-85CB-49A6-92F5-DB20CCA665CB}.Debug|x86.ActiveCfg = Debug|Win32
		{6ADD1431-85CB-49A6-92F5-DB20CCA665CB}.Debug|x86.Build.0 = Debug|Win32
		{6ADD1431-85CB-49A6-92F5-DB20CCA665CB}.Release|x64.ActiveCfg = Release|x64
		{6ADD1431-85CB-49A6-92F5-DB20CCA665CB}.Release|x64.Build.0 = Release|x64
		{6ADD1431-85CB-49A6-92F5-DB20CCA665CB}.Release|x86.ActiveCfg = Release|Win32
		{6ADD1431-85CB-49A6-92F5-DB20CCA665CB}.Release|x86.Build.0 = Release|Win32
		{6ADD1431-85CB-49A6-92F5-DB20CCA665CB}.Template|x64.ActiveCfg = Release|x64
		{6ADD1431-85CB-49A6-92F5-DB20CCA665CB}.Template|x64.Build.0 = Release|x64
		{6ADD1431-85CB-49A6-92F5-DB20CCA665CB}.Template|x86.ActiveCfg = Release|Win32
		{6ADD1431-85CB-49A6-92F5-DB20CCA665CB}.Template|x86.Build.0 = Release|Win32
		{605EFB9D-538C-4228-BA7D-F5AF4DC17630}.Debug|x64.ActiveCfg = Debug|x64
		{605EFB9D-538C-4228-BA7D-F5AF4DC17630}.Debug|x64.Build.0 = Debug|x64
		{605EFB9D-538C-4228-BA7D-F5AF4DC17630}.Debug|x86.ActiveCfg = Debug|Win32
		{605EFB9D-538C-4228-BA7D-F5AF4DC17630}.Debug|x86.Build.0 = Debug|Win32
		{605EFB9D-538C-4228-BA7D-F5AF4DC17630}.Release|x64.ActiveCfg = Release|x64
		{605EFB9D-538C-4228-BA7D-F5AF4DC17630}.Release|x64.Build.0 = Release|x64
		{605EFB9D-538C-4228-BA7D-F5AF4DC17630}.Release|x86.ActiveCfg = Release|Win32
		{605EFB9D-538C-4228-BA7D-F5AF4DC17630}.Release|x86.Build.0 = Release|Win32
		{605EFB9D-538C-4228-BA7D-F5AF4DC17630}.Template|x64.ActiveCfg = Template|x64
		{605EFB9D-538C-4228-BA7D-F5AF4DC17630}.Template|x64.Build.0 = Template|x64
		{605EFB9D-538C-4228-BA7D-F5AF4DC17630}.Template|x86.ActiveCfg = Template|Win32
		{605EFB9D-538C-4228-BA7D-F5AF4DC17630}.Template|x86.Build.0 = Template|Win32
		{758A842D-B7B6-478E-AF8C-8A94AF671DB5}.Debug|x64.ActiveCfg = Debug|x64
		{758A842D-B7B6-478E-AF8C-8A94AF671DB5}.Debug|x64.Build.0 = Debug|x64
		{758A842D-B7B6-478E-AF8C-8A94AF671DB5}.Debug|x86.ActiveCfg = Debug|Win32
		{758A842D-B7B6-478E-AF8C-8A94AF671DB5}.Debug|x86.Build.0 = Debug|Win32
		{758A842D-B7B6-478E-AF8C-8A94AF671DB5}.Release|x64.ActiveCfg = Release|x64
		{758A842D-B7B6-478E-AF8C-8A94AF671DB5}.Release|x64.Build.0 = Release|x64
		{758A842D-B7B6-478E-AF8C-8A94AF671DB5}.Release|x86.ActiveCfg = Release|Win32
		{758A842D-B7B6-478E-AF8C-8A94AF671DB5}.Release|x86.Build.0 = Release|Win32
		{758A842D-B7B6-478E-AF8C-8A94AF671DB5}.Template|x64.ActiveCfg = Template|x64
		{758A842D-B7B6-478E-AF8C-8A94AF671DB5}.Template|x64.Build.0 = Template|x64
		{758A842D-B7B6-478E-AF8C-8A94AF671DB5}.Template|x86.ActiveCfg = Template|Win32
		{758A842D-B7B6-478E-AF8C-8A94AF671DB5}.Template|x86.Build.0 = Template|Win32
		{195D0B80-6735-404A-8C26-462F13B64B25}.Debug|x64.ActiveCfg = Debug|x64
		{195D0B80-6735-404A-8C26-462F13B64B25}.Debug|x64.Build.0 = Debug|x64
		{195D0B80-6735-404A-8C26-462F13B64B25}.Debug|x86.ActiveCfg = Debug|Win32
		{195D0B80-6735-404A-8C26-462F13B64B25}.Debug|x86.Build.0 = Debug|Win32
		{195D0B80-6735-404A-8C26-462F13B64B25}.Release|x64.ActiveCfg = Release|x64
		{195D0B80-6735-404A-8C26-462F13B64B25}.Release|x64.Build.0 = Release|x64
		{195D0B80-6735-404A-8C26-462F13B64B25}.Release|x86.ActiveCfg = Release|Win32
		{195D0B80-6735-404A-8C26-462F13B64B25}.Release|x86.Build.0 = Release|Win32
		{195D0B80-6735-404A-8C26-462F13B64B25}.Template|x64.ActiveCfg = Template|x64
		{195D0B80-6735-404A-8C26-462F13B64B25}.Template|x64.Build.0 = Template|x64
		{195D0B80-6735-404A-8C26-462F13B64B25}.Template|x86.ActiveCfg = Template|Win32
		{195D0B80-6735-404A-8C26-462F13B64B25}.Template|x86.Build.0 = Template|Win32
		{74CAF346-DA5C-49B8-A0A2-AFBCA4FCD200}.Debug|x64.ActiveCfg = Debug|x64
		{74CAF346-DA5C-49B8-A0A2-AFBCA4FCD200}.Debug|x64.Build.0 = Debug|x64
		{74CAF346-DA5C-49B8-A0A2-AFBCA4FCD200}.Debug|x86.ActiveCfg = Debug|Win32
		{74CAF346-DA5C-49B8-A0A2-AFBCA4FCD200}.Debug|x86.Build.0 = Debug|Win32
		{74CAF346-DA5C-49B8-A0A2-AFBCA4FCD200}.Release|x64.ActiveCfg = Release|x64
		{74CAF346-DA5C-49B8-A0A2-AFBCA4FCD200}.Release|x64.Build.0 = Release|x64
		{74CAF346-DA5C-49B8-A0A2-AFBCA4FCD200}.Release|x86.ActiveCfg = Release|Win32
		{74CAF346-DA5C-49B8-A0A2-AFBCA4FCD200}.Release|x86.Build.0 = Release|Win32
		{74CAF346-DA5C-49B8-A0A2-AFBCA4FCD200}.Template|x64.ActiveCfg = Template|x64
		{74CAF346-DA5C-49B8-A0A2-AFBCA4FCD200}.Template|x64.Build.0 = Template|x64
		{74CAF346-DA5C-49B8-A0A2-AFBCA4FCD200}.Template|x86.ActiveCfg = Template|Win32
		{74CAF346-DA5C-49B8-A0A2-AFBCA4FCD200}.Template|x86.Build.0 = Template|Win32
		{3F7C6CB3-5F4A-4F64-A901-A23633AAF85E}.Debug|x64.ActiveCfg = Debug|x64
		{3F7C6CB3-5F4A-4F64-A901-A23633AAF85E}.Debug|x64.Build.0 = Debug|x64
		{3F7C6CB3-5F4A-4F64-A901-A23633AAF85E}.Debug|x86.ActiveCfg = Debug|Win32
		{3F7C6CB3-5F4A-4F64-A901-A23633AAF85E}.Debug|x86.Build.0 = Debug|Win32
		{3F7C6CB3-5F4A-4F64-A901-A23633AAF85E}.Release|x64.ActiveCfg = Release|x64
		{3F7C6CB3-5F4A-4F64-A901-A23633AAF85E}.Release|x64.Build.0 = Release|x64
		{3F7C6CB3-5F4A-4F64-A901-A23633AAF85E}.Release|x86.ActiveCfg = Release|Win32
		{3F7C6CB3-5F4A-4F64-A901-A23633AAF85E}.Release|x86.Build.0 = Release|Win32
		{3F7C6CB3-5F4A-4F64-A901-A23633AAF85E}.Template|x64.ActiveCfg = Template|x64
		{3F7C6CB3-5F4A-4F64-A901-A23633AAF85E}.Template|x64.Build.0 = Template|x64
		{3F7C6CB3-5F4A-4F64-A901-A23633AAF85E}.Template|x86.ActiveCfg = Template|Win32
		{3F7C6CB3-5F4A-4F64-A901-A23633AAF85E}.Template|x86.Build.0 = Template|Win32
		{E922FC1A-7D36-4A73-B317-BF134C2B37A6}.Debug|x64.ActiveCfg = Debug|x64
		{E922FC1A-7D36-4A73-B317-BF134C2B37A6}.Debug|x64.Build.0 = Debug|x64
		{E922FC1A-7D36-4A73-B317-BF134C2B37A6}.Debug|x86.ActiveCfg = Debug|Win32
		{E922FC1A-7D36-4A73-B317-BF134C2B37A6}.Debug|x86.Build.0 = Debug|Win32
		{E922FC1A-7D36-4A73-B317-BF134C2B37A6}.Release|x64.ActiveCfg = Release|x64
		{E922FC1A-7D36-4A73-B317-BF134C2B37A6}.Release|x64.Build.0 = Release|x64
		{E922FC1A-7D36-4A73-B317-BF134C2B37A6}.Release|x86.ActiveCfg = Release|Win32
		{E922FC1A-7D36-4A73-B317-BF134C2B37A6}.Release|x86.Build.0 = Release|Win32
		{E922FC1A-7D36-4A73-B317-BF134C2B37A6}.Template|x64.ActiveCfg = Template|x64
		{E922FC1A-7D36-4A73-B317-BF134C2B37A6}.Template|x64.Build.0 = Template|x64
		{E922FC1A-7D36-4A73-B317-BF134C2B37A6}.Template|x86.ActiveCfg = Template|Win32
		{E922FC1A-7D36-4A73-B317-BF134C2B37A6}.Template|x86.Build.0 = Template|Win32
		{17E72490-426E-48CB-85B8-255841508E70}.Debug|x64.ActiveCfg = Debug|x64
		{17E72490-426E-48CB-85B8-255841508E70}.Debug|x64.Build.0 = Debug|x64
		{17E72490-426E-48CB-85B8-255841508E70}.Debug|x86.ActiveCfg = Debug|Win32
		{17E72490-426E-48CB-85B8-255841508E70}.Debug|x86.Build.0 = Debug|Win32
		{17E72490-426E-48CB-85B8-255841508E70}.Release|x64.ActiveCfg = Release|x64
		{17E72490-426E-48CB-85B8-255841508E70}.Release|x64.Build.0 = Release|x64
		{17E72490-426E-48CB-85B8-255841508E70}.Release|x86.ActiveCfg = Release|Win32
		{17E72490-426E-48CB-85B8-255841508E70}.Release|x86.Build.0 = Release|Win32
		{17E72490-426E-48CB-85B8-255841508E70}.Template|x64.ActiveCfg = Template|x64
		{17E72490-426E-48CB-85B8-255841508E70}.Template|x64.Build.0 = Template|x64
		{17E72490-426E-48CB-85B8-255841508E70}.Template|x86.ActiveCfg = Template|Win32
		{17E72490-426E-48CB-85B8-255841508E70}.Template|x86.Build.0 = Template|Win32
		{0FA59901-8257-4F57-A700-B7EA51D365C7}.Debug|x64.ActiveCfg = Debug|x64
		{0FA59901-8257-4F57-A700-B7EA51D365C7}.Debug|x64.Build.0 = Debug|x64
		{0FA59901-8257-4F57-A700-B7EA51D365C7}.Debug|x86.ActiveCfg = Debug|Win32
		{0FA59901-8257-4F57-A700-B7EA51D365C7}.Debug|x86.Build.0 = Debug|Win32
		{0FA59901-8257-4F57-A700-B7EA51D365C7}.Release|x64.ActiveCfg = Release|x64
		{0FA59901-8257-4F57-A700-B7EA51D365C7}.Release|x64.Build.0 = Release|x64
		{0FA59901-8257-4F57-A700-B7EA51D365C7}.Release|x86.ActiveCfg = Release|Win32
		{0FA59901-8257-4F57-A700-B7EA51D365C7}.Release|x86.Build.0 = Release|Win32
		{0FA59901-8257-4F57-A700-B7EA51D365C7}.Template|x64.ActiveCfg = Template|x64
		{0FA59901-8257-4F57-A700-B7EA51D365C7}.Template|x64.Build.0 = Template|x64
		{0FA59901-8257-4F57-A700-B7EA51D365C7}.Template|x86.ActiveCfg = Template|Win32
		{0FA59901-8257-4F57-A700-B7EA51D365C7}.Template|x86.Build.0 = Template|Win32
		{82114AC8-494B-4B31-B4BE-96A0F91B690E}.Debug|x64.ActiveCfg = Debug|x64
		{82114AC8-494B-4B31-B4BE-96A0F91B690E}.Debug|x64.Build.0 = Debug|x64
		{82114AC8-494B-4B31-B4BE-96A0F91B690E}.Debug|x86.ActiveCfg = Debug|Win32
		{82114AC8-494B-4B31-B4BE-96A0F91B690E}.Debug|x86.Build.0 = Debug|Win32
		{82114AC8-494B-4B31-B4BE-96A0F91B690E}.Release|x64.ActiveCfg = Release|x64
		{82114AC8-494B-4B31-B4BE-96A0F91B690E}.Release|x64.Build.0 = Release|x64
		{82114AC8-494B-4B31-B4BE-96A0F91B690E}.Release|x86.ActiveCfg = Release|Win32
		{82114AC8-494B-4B31-B4BE-96A0F91B690E}.Release|x86.Build.0 = Release|Win32
		{82114AC8-494B-4B31-B4BE-96A0F91B690E}.Template|x64.ActiveCfg = Template|x64
		{82114AC8-494B-4B31-B4BE-96A0F91B690E}.Template|x64.Build.0 = Template|x64
		{82114AC8-494B-4B31-B4BE-96A0F91B690E}.Template|x86.ActiveCfg = Template|Win32
		{82114AC8-494B-4B31-B4BE-96A0F91B690E}.Template|x86.Build.0 = Template|Win32
		{0A8AA268-352B-4909-8B6F-FC7F68FDFA89}.Debug|x64.ActiveCfg = Debug|x64
		{0A8AA268-352B-4909-8B6F-FC7F68FDFA89}.Debug|x64.Build.0 = Debug|x64
		{0A8AA268-352B-4909-8B6F-FC7F68FDFA89}.Debug|x86.ActiveCfg = Debug|Win32
		{0A8AA268-352B-4909-8B6F-FC7F68FDFA89}.Debug|x86.Build.0 = Debug|Win32
		{0A8AA268-352B-4909-8B6F-FC7F68FDFA89}.Release|x64.ActiveCfg = Release|x64
		{0A8AA268-352B-4909-8B6F-FC7F68FDFA89}.Release|x64.Build.0 = Release|x64
		{0A8AA268-352B-4909-8B6F-FC7F68FDFA89}.Release|x86.ActiveCfg = Release|Win32
		{0A8AA268-352B-4909-8B6F-FC7F68FDFA89}.Release|x86.Build.0 = Release|Win32
		{0A8AA268-352B-4909-8B6F-FC7F68FDFA89}.Template|x64.ActiveCfg = Template|x64
		{0A8AA268-352B-4909-8B6F-FC7F68FDFA89}.Template|x64.Build.0 = Template|x64
		{0A8AA268-352B-4909-8B6F-FC7F68FDFA89}.Template|x86.ActiveCfg = Template|Win32
		{0A8AA268-352B-4909-8B6F-FC7F68FDFA89}.Template|x86.Build.0 = Template|Win32
		{95DA5A0E-36B3-4BC6-8DED-318D996905BA}.Debug|x64.ActiveCfg = Debug|x64
		{95DA5A0E-36B3-4BC6-8DED-318D996905BA}.Debug|x64.Build.0 = Debug|x64
		{95DA5A0E-36B3-4BC6-8DED-318D996905BA}.Debug|x86.ActiveCfg = Debug|Win32
		{95DA5A0E-36B3-4BC6-8DED-318D996905BA}.Debug|x86.Build.0 = Debug|Win32
		{95DA5A0E-36B3-4BC6-8DED-318D996905BA}.Release|x64.ActiveCfg = Release|x64
		{95DA5A0E-36B3-4BC6-8DED-318D996905BA}.Release|x64.Build.0 = Release|x64
		{95DA5A0E-36B3-4BC6-8DED-318D996905BA}.Release|x86.ActiveCfg = Release|Win32
		{95DA5A0E-36B3-4BC6-8DED-318D996905BA}.Release|x86.Build.0 = Release|Win32
		{95DA5A0E-36B3-4BC6-8DED-318D996905BA}.Template|x64.ActiveCfg = Template|x64
		{95DA5A0E-36B3-4BC6-8DED-318D996905BA}.Template|x64.Build.0 = Template|x64
		{95DA5A0E-36B3-4BC6-8DED-318D996905BA}.Template|x86.ActiveCfg = Template|Win32
		{95DA5A0E-36B3-4BC6-8DED-318D996905BA}.Template|x86.Build.0 = Template|Win32
		{ED16DD99-E1B4-48EC-A4AD-F395C1E41135}.Debug|x64.ActiveCfg = Debug|x64
		{ED16DD99-E1B4-48EC-A4AD-F395C1E41135}.Debug|x64.Build.0 = Debug|x64
		{ED16DD99-E1B4-48EC-A4AD-F395C1E41135}.Debug|x86.ActiveCfg = Debug|Win32
		{ED16DD99-E1B4-48EC-A4AD-F395C1E41135}.Debug|x86.Build.0 = Debug|Win32
		{ED16DD99-E1B4-48EC-A4AD-F395C1E41135}.Release|x64.ActiveCfg = Release|x64
		{ED16DD99-E1B4-48EC-A4AD-F395C1E41135}.Release|x64.Build.0 = Release|x64
		{ED16DD99-E1B4-48EC-A4AD-F395C1E41135}.Release|x86.ActiveCfg = Release|Win32
		{ED16DD99-E1B4-48EC-A4AD-F395C1E41135}.Release|x86.Build.0 = Release|Win32
		{ED16DD99-E1B4-48EC-A4AD-F395C1E41135}.Template|x64.ActiveCfg = Template|x64
		{ED16DD99-E1B4-48EC-A4AD-F395C1E41135}.Template|x64.Build.0 = Template|x64
		{ED16DD99-E1B4-48EC-A4AD-F395C1E41135}.Template|x86.ActiveCfg = Template|Win32
		{ED16DD99-E1B4-48EC-A4AD-F395C1E41135}.Template|x86.Build.0 = Template|Win32
		{74375115-81E8-454C-8F02-A269562C0C30}.Debug|x64.ActiveCfg = Debug|x64
		{74375115-81E8-454C-8F02-A269562C0C30}.Debug|x64.Build.0 = Debug|x64
		{74375115-81E8-454C-8F02-A269562C0C30}.Debug|x86.ActiveCfg = Debug|Win32
		{74375115-81E8-454C-8F02-A269562C0C30}.Debug|x86.Build.0 = Debug|Win32
		{74375115-81E8-454C-8F02-A269562C0C30}.Release|x64.ActiveCfg = Release|x64
		{74375115-81E8-454C-8F02-A269562C0C30}.Release|x64.Build.0 = Release|x64
		{74375115-81E8-454C-8F02-A269562C0C30}.Release|x86.ActiveCfg = Release|Win32
		{74375115-81E8-454C-8F02-A269562C0C30}.Release|x86.Build.0 = Release|Win32
		{74375115-81E8-454C-8F02-A269562C0C30}.Template|x64.ActiveCfg = Template|x64
		{74375115-81E8-454C-8F02-A269562C0C30}.Template|x64.Build.0 = Template|x64
		{74375115-81E8-454C-8F02-A269562C0C30}.Template|x86.ActiveCfg = Template|Win32
		{74375115-81E8-454C-8F02-A269562C0C30}.Template|x86.Build.0 = Template|Win32
		{A73D74C9-3AD6-4336-AD65-6CA4538898DF}.Debug|x64.ActiveCfg = Debug|x64
		{A73D74C9-3AD6-4336-AD65-6CA4538898DF}.Debug|x64.Build.0 = Debug|x64
		{A73D74C9-3AD6-4336-AD65-6CA4538898DF}.Debug|x86.ActiveCfg = Debug|Win32
		{A73D74C9-3AD6-4336-AD65-6CA4538898DF}.Debug|x86.Build.0 = Debug|Win32
		{A73D74C9-3AD6-4336-AD65-6CA4538898DF}.Release|x64.ActiveCfg = Release|x64
		{A73D74C9-3AD6-4336-AD65-6CA4538898DF}.Release|x64.Build.0 = Release|x64
		{A73D74C9-3AD6-4336-AD65-6CA4538898DF}.Release|x86.ActiveCfg = Release|Win32
		{A73D74C9-3AD6-4336-AD65-6CA4538898DF}.Release|x86.Build.0 = Release|Win32
		{A73D74C9-3AD6-4336-AD65-6CA4538898DF}.Template|x64.ActiveCfg = Template|x64
		{A73D74C9-3AD6-4336-AD65-6CA4538898DF}.Template|x64.Build.0 = Template|x64
		{A73D74C9-3AD6-4336-AD65-6CA4538898DF}.Template|x86.ActiveCfg = Template|Win32
		{A73D74C9-3AD6-4336-AD65-6CA4538898DF}.Template|x86.Build.0 = Template|Win32
		{DA870413-724E-49E0-814C-99B7413E16A2}.Debug|x64.ActiveCfg = Debug|x64
		{DA870413-724E-49E0-814C-99B7413E16A2}.Debug|x64.Build.0 = Debug|x64
		{DA870413-724E-49E0-814C-99B7413E16A2}.Debug|x86.ActiveCfg = Debug|Win32
		{DA870413-724E-49E0-814C-99B7413E16A2}.Debug|x86.Build.0 = Debug|Win32
		{DA870413-724E-49E0-814C-99B7413E16A2}.Release|x64.ActiveCfg = Release|x64
		{DA870413-724E-49E0-814C-99B7413E16A2}.Release|x64.Build.0 = Release|x64
		{DA870413-724E-49E0-814C-99B7413E16A2}.Release|x86.ActiveCfg = Release|Win32
		{DA870413-724E-49E0-814C-99B7413E16A2}.Release|x86.Build.0 = Release|Win32
		{DA870413-724E-49E0-814C-99B7413E16A2}.Template|x64.ActiveCfg = Template|x64
		{DA870413-724E-49E0-814C-99B7413E16A2}.Template|x64.Build.0 = Template|x64
		{DA870413-724E-49E0-814C-99B7413E16A2}.Template|x86.ActiveCfg = Template|Win32
		{DA870413-724E-49E0-814C-99B7413E16A2}.Template|x86.Build.0 = Template|Win32
		{CB095F1B-2D7B-42B7-A2FE-7F9D8C8A6A15}.Debug|x64.ActiveCfg = Debug|x64
		{CB095F1B-2D7B-42B7-A2FE-7F9D8C8A6A15}.Debug|x64.Build.0 = Debug|x64
		{CB095F1B-2D7B-42B7-A2FE-7F9D8C8A6A15}.Debug|x86.ActiveCfg = Debug|Win32
		{CB095F1B-2D7B-42B7-A2FE-7F9D8C8A6A15}.Debug|x86.Build.0 = Debug|Win32
		{CB095F1B-2D7B-42B7-A2FE-7F9D8C8A6A15}.Release|x64.ActiveCfg = Release|x64
		{CB095F1B-2D7B-42B7-A2FE-7F9D8C8A6A15}.Release|x64.Build.0 = Release|x64
		{CB095F1B-2D7B-42B7-A2FE-7F9D8C8A6A15}.Release|x86.ActiveCfg = Release|Win32
		{CB095F1B-2D7B-42B7-A2FE-7F9D8C8A6A15}.Release|x86.Build.0 = Release|Win32
		{CB095F1B-2D7B-42B7-A2FE-7F9D8C8A6A15}.Template|x64.ActiveCfg = Template|x64
		{CB095F1B-2D7B-42B7-A2FE-7F9D8C8A6A15}.Template|x64.Build.0 = Template|x64
		{CB095F1B-2D7B-42B7-A2FE-7F9D8C8A6A15}.Template|x86.ActiveCfg = Template|Win32
		{CB095F1B-2D7B-42B7-A2FE-7F9D8C8A6A15}.Template|x86.Build.0 = Template|Win32
		{993A2C0F-F203-4977-B77C-BF414ECA87B8}.Debug|x64.ActiveCfg = Debug|x64
		{993A2C0F-F203-4977-B77C-BF414ECA87B8}.Debug|x64.Build.0 = Debug|x64
		{993A2C0F-F203-4977-B77C-BF414ECA87B8}.Debug|x86.ActiveCfg = Debug|Win32
		{993A2C0F-F203-4977-B77C-BF414ECA87B8}.Debug|x86.Build.0 = Debug|Win32
		{993A2C0F-F203-4977-B77C-BF414ECA87B8}.Release|x64.ActiveCfg = Release|x64
		{993A2C0F-F203-4977-B77C-BF414ECA87B8}.Release|x64.Build.0 = Release|x64
		{993A2C0F-F203-4977-B77C-BF414ECA87B8}.Release|x86.ActiveCfg = Release|Win32
		{993A2C0F-F203-4977-B77C-BF414ECA87B8}.Release|x86.Build.0 = Release|Win32
		{993A2C0F-F203-4977-B77C-BF414ECA87B8}.Template|x64.ActiveCfg = Template|x64
		{993A2C0F-F203-4977-B77C-BF414ECA87B8}.Template|x64.Build.0 = Template|x64
		{993A2C0F-F203-4977-B77C-BF414ECA87B8}.Template|x86.ActiveCfg = Template|Win32
		{993A2C0F-F203-4977-B77C-BF414ECA87B8}.Template|x86.Build.0 = Template|Win32
		{446A9171-5642-4CD1-A9BF-009592452FF9}.Debug|x64.ActiveCfg = Debug|x64
		{446A9171-5642-4CD1-A9BF-009592452FF9}.Debug|x64.Build.0 = Debug|x64
		{446A9171-5642-4CD1-A9BF-009592452FF9}.Debug|x86.ActiveCfg = Debug|Win32
		{446A9171-5642-4CD1-A9BF-009592452FF9}.Debug|x86.Build.0 = Debug|Win32
		{446A9171-5642-4CD1-A9BF-009592452FF9}.Release|x64.ActiveCfg = Release|x64
		{446A9171-5642-4CD1-A9BF-009592452FF9}.Release|x64.Build.0 = Release|x64
		{446A9171-5642-4CD1-A9BF-009592452FF9}.Release|x86.ActiveCfg = Release|Win32
		{446A9171-5642-4CD1-A9BF-009592452FF9}.Release|x86.Build.0 = Release|Win32
		{446A9171-5642-4CD1-A9BF-009592452FF9}.Template|x64.ActiveCfg = Template|x64
		{446A9171-5642-4CD1-A9BF-009592452FF9}.Template|x64.Build.0 = Template|x64
		{446A9171-5642-4CD1-A9BF-009592452FF9}.Template|x86.ActiveCfg = Template|Win32
		{446A9171-5642-4CD1-A9BF-009592452FF9}.Template|x86.Build.0 = Template|Win32
		{3DE1D3CB-B235-4CEA-B50A-C8BCCD27B48E}.Debug|x64.ActiveCfg = Debug|x64
		{3DE1D3CB-B235-4CEA-B50A-C8BCCD27B48E}.Debug|x64.Build.0 = Debug|x64
		{3DE1D3CB-B235-4CEA-B50A-C8BCCD27B48E}.Debug|x86.ActiveCfg = Debug|Win32
		{3DE1D3CB-B235-4CEA-B50A-C8BCCD27B48E}.Debug|x86.Build.0 = Debug|Win32
		{3DE1D3CB-B235-4CEA-B50A-C8BCCD27B48E}.Release|x64.ActiveCfg = Release|x64
		{3DE1D3CB-B235-4CEA-B50A-C8BCCD27B48E}.Release|x64.Build.0 = Release|x64
		{3DE1D3CB-B235-4CEA-B50A-C8BCCD27B48E}.Release|x86.ActiveCfg = Release|Win32
		{3DE1D3CB-B235-4CEA-B50A-C8BCCD27B48E}.Release|x86.Build.0 = Release|Win32
		{3DE1D3CB-B235-4CEA-B50A-C8BCCD27B48E}.Template|x64.ActiveCfg = Template|x64
		{3DE1D3CB-B235-4CEA-B50A-C8BCCD27B48E}.Template|x64.Build.0 = Template|x64
		{3DE1D3CB-B235-4CEA-B50A-C8BCCD27B48E}.Template|x86.ActiveCfg = Template|Win32
		{3DE1D3CB-B235-4CEA-B50A-C8BCCD27B48E}.Template|x86.Build.0 = Template|Win32
		{FAFE7169-1BD3-4933-BDCF-F0DBF93269F1}.Debug|x64.ActiveCfg = Debug|x64
		{FAFE7169-1BD3-4933-BDCF-F0DBF93269F1}.Debug|x64.Build.0 = Debug|x64
		{FAFE7169-1BD3-4933-BDCF-F0DBF93269F1}.Debug|x86.ActiveCfg = Debug|Win32
		{FAFE7169-1BD3-4933-BDCF-F0DBF93269F1}.Debug|x86.Build.0 = Debug|Win32
		{FAFE7169-1BD3-4933-BDCF-F0DBF93269F1}.Release|x64.ActiveCfg = Release|x64
		{FAFE7169-1BD3-4933-BDCF-F0DBF93269F1}.Release|x64.Build.0 = Release|x64
		{FAFE7169-1BD3-4933-BDCF-F0DBF93269F1}.Release|x86.ActiveCfg = Release|Win32
		{FAFE7169-1BD3-4933-BDCF-F0DBF93269F1}.Release|x86.Build.0 = Release|Win32
		{FAFE7169-1BD3-4933-BDCF-F0DBF93269F1}.Template|x64.ActiveCfg = Template|x64
		{FAFE7169-1BD3-4933-BDCF-F0DBF93269F1}.Template|x64.Build.0 = Template|x64
		{FAFE7169-1BD3-4933-BDCF-F0DBF93269F1}.Template|x86.ActiveCfg = Template|Win32
		{FAFE7169-1BD3-4933-BDCF-F0DBF93269F1}.Template|x86.Build.0 = Template|Win32
		{DB980053-3EE4-45A9-A911-9397E12F1B21}.Debug|x64.ActiveCfg = Debug|x64
		{DB980053-3EE4-45A9-A911-9397E12F1B21}.Debug|x64.Build.0 = Debug|x64
		{DB980053-3EE4-45A9-A911-9397E12F1B21}.Debug|x86.ActiveCfg = Debug|Win32
		{DB980053-3EE4-45A9-A911-9397E12F1B21}.Debug|x86.Build.0 = Debug|Win32
		{DB980053-3EE4-45A9-A911-9397E12F1B21}.Release|x64.ActiveCfg = Release|x64
		{DB980053-3EE4-45A9-A911-9397E12F1B21}.Release|x64.Build.0 = Release|x64
		{DB980053-3EE4-45A9-A911-9397E12F1B21}.Release|x86.ActiveCfg = Release|Win32
		{DB980053-3EE4-45A9-A911-9397E12F1B21}.Release|x86.Build.0 = Release|Win32
		{DB980053-3EE4-45A9-A911-9397E12F1B21}.Template|x64.ActiveCfg = Template|x64
		{DB980053-3EE4-45A9-A911-9397E12F1B21}.Template|x64.Build.0 = Template|x64
		{DB980053-3EE4-45A9-A911-9397E12F1B21}.Template|x86.ActiveCfg = Template|Win32
		{DB980053-3EE4-45A9-A911-9397E12F1B21}.Template|x86.Build.0 = Template|Win32
		{8E77006E-078C-4760-B2FB-A870428B7F9D}.Debug|x64.ActiveCfg = Debug|x64
		{8E77006E-078C-4760-B2FB-A870428B7F9D}.Debug|x64.Build.0 = Debug|x64
		{8E77006E-078C-4760-B2FB-A870428B7F9D}.Debug|x86.ActiveCfg = Debug|Win32
		{8E77006E-078C-4760-B2FB-A870428B7F9D}.Debug|x86.Build.0 = Debug|Win32
		{8E77006E-078C-4760-B2FB-A870428B7F9D}.Release|x64.ActiveCfg = Release|x64
		{8E77006E-078C-4760-B2FB-A870428B7F9D}.Release|x64.Build.0 = Release|x64
		{8E77006E-078C-4760-B2FB-A870428B7F9D}.Release|x86.ActiveCfg = Release|Win32
		{8E77006E-078C-4760-B2FB-A870428B7F9D}.Release|x86.Build.0 = Release|Win32
		{8E77006E-078C-4760-B2FB-A870428B7F9D}.Template|x64.ActiveCfg = Template|x64
		{8E77006E-078C-4760-B2FB-A870428B7F9D}.Template|x64.Build.0 = Template|x64
		{8E77006E-078C-4760-B2FB-A870428B7F9D}.Template|x86.ActiveCfg = Template|Win32
		{8E77006E-078C-4760-B2FB-A870428B7F9D}.Template|x86.Build.0 = Template|Win32
	EndGlobalSection
	GlobalSection(SolutionProperties) = preSolution
		HideSolutionNode = FALSE
	EndGlobalSection
	GlobalSection(ExtensibilityGlobals) = postSolution
		SolutionGuid = {40C045C9-D3B1-400A-8A91-4B6B0D4319B7}
	EndGlobalSection
EndGlobal
